
Microsoft Visual Studio Solution File, Format Version 12.00
# Visual Studio 15
VisualStudioVersion = 15.0.28307.1585
MinimumVisualStudioVersion = 10.0.40219.1
Project("{159641D6-6404-4A2A-AE62-294DE0FE8301}") = "lab1hend", "lab1hend\lab1hend.dtproj", "{1ECB70CE-86E0-477F-A2E7-889A92753B33}"
EndProject
Global
	GlobalSection(SolutionConfigurationPlatforms) = preSolution
		Development|Default = Development|Default
	EndGlobalSection
	GlobalSection(ProjectConfigurationPlatforms) = postSolution
		{1ECB70CE-86E0-477F-A2E7-889A92753B33}.Development|Default.ActiveCfg = Development
		{1ECB70CE-86E0-477F-A2E7-889A92753B33}.Development|Default.Build.0 = Development
	EndGlobalSection
	GlobalSection(SolutionProperties) = preSolution
		HideSolutionNode = FALSE
	EndGlobalSection
	GlobalSection(ExtensibilityGlobals) = postSolution
		SolutionGuid = {B6EF09B6-5377-4B75-8E54-52028E873CF0}
	EndGlobalSection
EndGlobal
